
Microsoft Visual Studio Solution File, Format Version 12.00
# Visual Studio Version 17
VisualStudioVersion = 17.3.32929.385
MinimumVisualStudioVersion = 10.0.40219.1
Project("{9A19103F-16F7-4668-BE54-9A1E7A4F7556}") = "Borealis.Domain", "src\Borealis.Domain\Borealis.Domain.csproj", "{0FA8E03E-4264-4B5D-A9C8-0A74E02648EF}"
EndProject
Project("{2150E333-8FDC-42A3-9474-1A3956D46DE8}") = "1 - Domain", "1 - Domain", "{61E90828-75A3-4E68-BCAB-A189177F0E02}"
EndProject
Project("{2150E333-8FDC-42A3-9474-1A3956D46DE8}") = "2 - Portal", "2 - Portal", "{C288BA35-A70D-428A-A170-EA472DCE907A}"
EndProject
Project("{2150E333-8FDC-42A3-9474-1A3956D46DE8}") = "3 - Drivers", "3 - Drivers", "{3CF9EEB8-4796-4130-A0EB-1A23FEBEB966}"
EndProject
Project("{2150E333-8FDC-42A3-9474-1A3956D46DE8}") = "4 - Shared", "4 - Shared", "{91F88A79-5F8D-42E0-9A3A-464FA96BB3E9}"
EndProject
Project("{2150E333-8FDC-42A3-9474-1A3956D46DE8}") = "Application", "Application", "{9670FEB5-8593-4668-B8C4-FFDD063ADD6C}"
EndProject
Project("{9A19103F-16F7-4668-BE54-9A1E7A4F7556}") = "Borealis.Portal.Web", "src\Borealis.Portal.Web\Borealis.Portal.Web.csproj", "{1A695D97-489E-41AD-AED7-E2A167D15918}"
EndProject
Project("{2150E333-8FDC-42A3-9474-1A3956D46DE8}") = "Core", "Core", "{A9598C87-ABE9-4AD0-B1E6-31C23E96E146}"
EndProject
Project("{9A19103F-16F7-4668-BE54-9A1E7A4F7556}") = "Borealis.Portal.Domain", "src\Borealis.Portal.Domain\Borealis.Portal.Domain.csproj", "{5CBEA701-E43C-40CD-B68E-BCB98FD264A0}"
EndProject
Project("{9A19103F-16F7-4668-BE54-9A1E7A4F7556}") = "Borealis.Portal.Core", "src\Borealiis.Portal.Core\Borealis.Portal.Core.csproj", "{CA3396F8-D9BE-47AE-AD62-6C72B5D9AB04}"
EndProject
Project("{2150E333-8FDC-42A3-9474-1A3956D46DE8}") = "Persistance", "Persistance", "{D819AF3D-62D8-407D-B058-3D1013C4B24D}"
EndProject
Project("{9A19103F-16F7-4668-BE54-9A1E7A4F7556}") = "Borealis.Portal.Data", "src\Borealis.Portal.Data\Borealis.Portal.Data.csproj", "{932CD134-6ABE-4824-A36F-83B7216371AF}"
EndProject
Project("{2150E333-8FDC-42A3-9474-1A3956D46DE8}") = "Infrastrcuture", "Infrastrcuture", "{C581A3DE-FFCC-47FA-B475-CD992F083FDF}"
EndProject
Project("{2150E333-8FDC-42A3-9474-1A3956D46DE8}") = "Rpi", "Rpi", "{AE40E8EF-A7AE-4186-9BAD-F2330141A2B9}"
EndProject
Project("{9A19103F-16F7-4668-BE54-9A1E7A4F7556}") = "Borealis.Portal.Infrastructure", "src\Borealis.Portal.Infrastructure\Borealis.Portal.Infrastructure.csproj", "{DE2692B7-B708-47E3-9551-7F617983ACAD}"
EndProject
Project("{9A19103F-16F7-4668-BE54-9A1E7A4F7556}") = "Borealis.Shared", "src\Borealis.Shared\Borealis.Shared.csproj", "{E68C0687-D941-41CB-BD63-6D97C327FACE}"
EndProject
Project("{9A19103F-16F7-4668-BE54-9A1E7A4F7556}") = "Borealis.Drivers.Rpi.Udp", "src\Borealis.Drivers.Rpi.Udp\Borealis.Drivers.Rpi.Udp.csproj", "{82003BE2-ADA5-4531-928E-25D138519B3A}"
EndProject
Global
	GlobalSection(SolutionConfigurationPlatforms) = preSolution
		Debug|Any CPU = Debug|Any CPU
		Release|Any CPU = Release|Any CPU
	EndGlobalSection
	GlobalSection(ProjectConfigurationPlatforms) = postSolution
		{0FA8E03E-4264-4B5D-A9C8-0A74E02648EF}.Debug|Any CPU.ActiveCfg = Debug|Any CPU
		{0FA8E03E-4264-4B5D-A9C8-0A74E02648EF}.Debug|Any CPU.Build.0 = Debug|Any CPU
		{0FA8E03E-4264-4B5D-A9C8-0A74E02648EF}.Release|Any CPU.ActiveCfg = Release|Any CPU
		{0FA8E03E-4264-4B5D-A9C8-0A74E02648EF}.Release|Any CPU.Build.0 = Release|Any CPU
		{1A695D97-489E-41AD-AED7-E2A167D15918}.Debug|Any CPU.ActiveCfg = Debug|Any CPU
		{1A695D97-489E-41AD-AED7-E2A167D15918}.Debug|Any CPU.Build.0 = Debug|Any CPU
		{1A695D97-489E-41AD-AED7-E2A167D15918}.Release|Any CPU.ActiveCfg = Release|Any CPU
		{1A695D97-489E-41AD-AED7-E2A167D15918}.Release|Any CPU.Build.0 = Release|Any CPU
		{5CBEA701-E43C-40CD-B68E-BCB98FD264A0}.Debug|Any CPU.ActiveCfg = Debug|Any CPU
		{5CBEA701-E43C-40CD-B68E-BCB98FD264A0}.Debug|Any CPU.Build.0 = Debug|Any CPU
		{5CBEA701-E43C-40CD-B68E-BCB98FD264A0}.Release|Any CPU.ActiveCfg = Release|Any CPU
		{5CBEA701-E43C-40CD-B68E-BCB98FD264A0}.Release|Any CPU.Build.0 = Release|Any CPU
		{CA3396F8-D9BE-47AE-AD62-6C72B5D9AB04}.Debug|Any CPU.ActiveCfg = Debug|Any CPU
		{CA3396F8-D9BE-47AE-AD62-6C72B5D9AB04}.Debug|Any CPU.Build.0 = Debug|Any CPU
		{CA3396F8-D9BE-47AE-AD62-6C72B5D9AB04}.Release|Any CPU.ActiveCfg = Release|Any CPU
		{CA3396F8-D9BE-47AE-AD62-6C72B5D9AB04}.Release|Any CPU.Build.0 = Release|Any CPU
		{932CD134-6ABE-4824-A36F-83B7216371AF}.Debug|Any CPU.ActiveCfg = Debug|Any CPU
		{932CD134-6ABE-4824-A36F-83B7216371AF}.Debug|Any CPU.Build.0 = Debug|Any CPU
		{932CD134-6ABE-4824-A36F-83B7216371AF}.Release|Any CPU.ActiveCfg = Release|Any CPU
		{932CD134-6ABE-4824-A36F-83B7216371AF}.Release|Any CPU.Build.0 = Release|Any CPU
		{DE2692B7-B708-47E3-9551-7F617983ACAD}.Debug|Any CPU.ActiveCfg = Debug|Any CPU
		{DE2692B7-B708-47E3-9551-7F617983ACAD}.Debug|Any CPU.Build.0 = Debug|Any CPU
		{DE2692B7-B708-47E3-9551-7F617983ACAD}.Release|Any CPU.ActiveCfg = Release|Any CPU
		{DE2692B7-B708-47E3-9551-7F617983ACAD}.Release|Any CPU.Build.0 = Release|Any CPU
		{E68C0687-D941-41CB-BD63-6D97C327FACE}.Debug|Any CPU.ActiveCfg = Debug|Any CPU
		{E68C0687-D941-41CB-BD63-6D97C327FACE}.Debug|Any CPU.Build.0 = Debug|Any CPU
		{E68C0687-D941-41CB-BD63-6D97C327FACE}.Release|Any CPU.ActiveCfg = Release|Any CPU
		{E68C0687-D941-41CB-BD63-6D97C327FACE}.Release|Any CPU.Build.0 = Release|Any CPU
		{82003BE2-ADA5-4531-928E-25D138519B3A}.Debug|Any CPU.ActiveCfg = Debug|Any CPU
		{82003BE2-ADA5-4531-928E-25D138519B3A}.Debug|Any CPU.Build.0 = Debug|Any CPU
		{82003BE2-ADA5-4531-928E-25D138519B3A}.Release|Any CPU.ActiveCfg = Release|Any CPU
		{82003BE2-ADA5-4531-928E-25D138519B3A}.Release|Any CPU.Build.0 = Release|Any CPU
	EndGlobalSection
	GlobalSection(SolutionProperties) = preSolution
		HideSolutionNode = FALSE
	EndGlobalSection
	GlobalSection(NestedProjects) = preSolution
		{0FA8E03E-4264-4B5D-A9C8-0A74E02648EF} = {61E90828-75A3-4E68-BCAB-A189177F0E02}
		{9670FEB5-8593-4668-B8C4-FFDD063ADD6C} = {C288BA35-A70D-428A-A170-EA472DCE907A}
		{1A695D97-489E-41AD-AED7-E2A167D15918} = {9670FEB5-8593-4668-B8C4-FFDD063ADD6C}
		{A9598C87-ABE9-4AD0-B1E6-31C23E96E146} = {C288BA35-A70D-428A-A170-EA472DCE907A}
		{5CBEA701-E43C-40CD-B68E-BCB98FD264A0} = {A9598C87-ABE9-4AD0-B1E6-31C23E96E146}
		{CA3396F8-D9BE-47AE-AD62-6C72B5D9AB04} = {A9598C87-ABE9-4AD0-B1E6-31C23E96E146}
		{D819AF3D-62D8-407D-B058-3D1013C4B24D} = {C288BA35-A70D-428A-A170-EA472DCE907A}
		{932CD134-6ABE-4824-A36F-83B7216371AF} = {D819AF3D-62D8-407D-B058-3D1013C4B24D}
		{C581A3DE-FFCC-47FA-B475-CD992F083FDF} = {C288BA35-A70D-428A-A170-EA472DCE907A}
		{AE40E8EF-A7AE-4186-9BAD-F2330141A2B9} = {3CF9EEB8-4796-4130-A0EB-1A23FEBEB966}
		{DE2692B7-B708-47E3-9551-7F617983ACAD} = {C581A3DE-FFCC-47FA-B475-CD992F083FDF}
		{E68C0687-D941-41CB-BD63-6D97C327FACE} = {91F88A79-5F8D-42E0-9A3A-464FA96BB3E9}
		{82003BE2-ADA5-4531-928E-25D138519B3A} = {AE40E8EF-A7AE-4186-9BAD-F2330141A2B9}
	EndGlobalSection
	GlobalSection(ExtensibilityGlobals) = postSolution
		SolutionGuid = {04BDF5A4-67FE-42D4-A642-96BD029EEA05}
	EndGlobalSection
EndGlobal
